
Microsoft Visual Studio Solution File, Format Version 12.00
# Visual Studio Version 16
VisualStudioVersion = 16.0.31702.278
MinimumVisualStudioVersion = 10.0.40219.1
Project("{FAE04EC0-301F-11D3-BF4B-00C04F79EFBC}") = "Jenkins2Docker", "Jenkins2Docker.csproj", "{840F3398-B6C9-4E9E-8FF0-9F045D478069}"
EndProject
Global
	GlobalSection(SolutionConfigurationPlatforms) = preSolution
		Debug|Any CPU = Debug|Any CPU
		Release|Any CPU = Release|Any CPU
	EndGlobalSection
	GlobalSection(ProjectConfigurationPlatforms) = postSolution
		{840F3398-B6C9-4E9E-8FF0-9F045D478069}.Debug|Any CPU.ActiveCfg = Debug|Any CPU
		{840F3398-B6C9-4E9E-8FF0-9F045D478069}.Debug|Any CPU.Build.0 = Debug|Any CPU
		{840F3398-B6C9-4E9E-8FF0-9F045D478069}.Release|Any CPU.ActiveCfg = Release|Any CPU
		{840F3398-B6C9-4E9E-8FF0-9F045D478069}.Release|Any CPU.Build.0 = Release|Any CPU
	EndGlobalSection
	GlobalSection(SolutionProperties) = preSolution
		HideSolutionNode = FALSE
	EndGlobalSection
	GlobalSection(ExtensibilityGlobals) = postSolution
		SolutionGuid = {45E23F3D-180E-4095-A8A1-39C7EEF15FD5}
	EndGlobalSection
EndGlobal
